
Microsoft Visual Studio Solution File, Format Version 12.00
# Visual Studio Version 17
VisualStudioVersion = 17.7.34003.232
MinimumVisualStudioVersion = 10.0.40219.1
Project("{FAE04EC0-301F-11D3-BF4B-00C04F79EFBC}") = "MathLibraryYacenko", "MathLibraryYacenko\MathLibraryYacenko.csproj", "{F407D10A-C49F-404B-AA81-221DE6C9F530}"
EndProject
Project("{FAE04EC0-301F-11D3-BF4B-00C04F79EFBC}") = "MathLibrary.Client", "MathLibrary.Client\MathLibrary.Client.csproj", "{F069D6F0-E477-4AD4-8C2A-DC8D3CC5BBC9}"
EndProject
Global
	GlobalSection(SolutionConfigurationPlatforms) = preSolution
		Debug|Any CPU = Debug|Any CPU
		Release|Any CPU = Release|Any CPU
	EndGlobalSection
	GlobalSection(ProjectConfigurationPlatforms) = postSolution
		{F407D10A-C49F-404B-AA81-221DE6C9F530}.Debug|Any CPU.ActiveCfg = Debug|Any CPU
		{F407D10A-C49F-404B-AA81-221DE6C9F530}.Debug|Any CPU.Build.0 = Debug|Any CPU
		{F407D10A-C49F-404B-AA81-221DE6C9F530}.Release|Any CPU.ActiveCfg = Release|Any CPU
		{F407D10A-C49F-404B-AA81-221DE6C9F530}.Release|Any CPU.Build.0 = Release|Any CPU
		{F069D6F0-E477-4AD4-8C2A-DC8D3CC5BBC9}.Debug|Any CPU.ActiveCfg = Debug|Any CPU
		{F069D6F0-E477-4AD4-8C2A-DC8D3CC5BBC9}.Debug|Any CPU.Build.0 = Debug|Any CPU
		{F069D6F0-E477-4AD4-8C2A-DC8D3CC5BBC9}.Release|Any CPU.ActiveCfg = Release|Any CPU
		{F069D6F0-E477-4AD4-8C2A-DC8D3CC5BBC9}.Release|Any CPU.Build.0 = Release|Any CPU
	EndGlobalSection
	GlobalSection(SolutionProperties) = preSolution
		HideSolutionNode = FALSE
	EndGlobalSection
	GlobalSection(ExtensibilityGlobals) = postSolution
		SolutionGuid = {54865FCA-9C31-4F99-B0CD-91AE73572B14}
	EndGlobalSection
EndGlobal
